
Microsoft Visual Studio Solution File, Format Version 12.00
# Visual Studio 15
VisualStudioVersion = 15.0.26730.16
MinimumVisualStudioVersion = 10.0.40219.1
Project("{FAE04EC0-301F-11D3-BF4B-00C04F79EFBC}") = "Bundler", "src\Bundler\Bundler.csproj", "{F7231B4C-4F00-4E6B-8197-A48E03E0A143}"
EndProject
Project("{FAE04EC0-301F-11D3-BF4B-00C04F79EFBC}") = "Website", "src\Website\Website.csproj", "{9A6C6CAF-6F0E-410C-A6E6-199F0E72F0C1}"
EndProject
Global
	GlobalSection(SolutionConfigurationPlatforms) = preSolution
		Debug|Any CPU = Debug|Any CPU
		Release|Any CPU = Release|Any CPU
	EndGlobalSection
	GlobalSection(ProjectConfigurationPlatforms) = postSolution
		{F7231B4C-4F00-4E6B-8197-A48E03E0A143}.Debug|Any CPU.ActiveCfg = Debug|Any CPU
		{F7231B4C-4F00-4E6B-8197-A48E03E0A143}.Debug|Any CPU.Build.0 = Debug|Any CPU
		{F7231B4C-4F00-4E6B-8197-A48E03E0A143}.Release|Any CPU.ActiveCfg = Release|Any CPU
		{F7231B4C-4F00-4E6B-8197-A48E03E0A143}.Release|Any CPU.Build.0 = Release|Any CPU
		{9A6C6CAF-6F0E-410C-A6E6-199F0E72F0C1}.Debug|Any CPU.ActiveCfg = Debug|Any CPU
		{9A6C6CAF-6F0E-410C-A6E6-199F0E72F0C1}.Debug|Any CPU.Build.0 = Debug|Any CPU
		{9A6C6CAF-6F0E-410C-A6E6-199F0E72F0C1}.Release|Any CPU.ActiveCfg = Release|Any CPU
		{9A6C6CAF-6F0E-410C-A6E6-199F0E72F0C1}.Release|Any CPU.Build.0 = Release|Any CPU
	EndGlobalSection
	GlobalSection(SolutionProperties) = preSolution
		HideSolutionNode = FALSE
	EndGlobalSection
	GlobalSection(ExtensibilityGlobals) = postSolution
		SolutionGuid = {07B0E82C-52BD-428F-90E5-1A3ACAA6E7D7}
	EndGlobalSection
EndGlobal
